
Microsoft Visual Studio Solution File, Format Version 12.00
Project("{FAE04EC0-301F-11D3-BF4B-00C04F79EFBC}") = "aoc_2024_01", "aoc_2024_01\aoc_2024_01.csproj", "{2292EDFC-1237-4F6B-911A-97A11CF94104}"
EndProject
Project("{FAE04EC0-301F-11D3-BF4B-00C04F79EFBC}") = "aoc_2024_02", "aoc_2024_02\aoc_2024_02.csproj", "{4DD0B304-76D0-4E18-8635-62BB4AF2F3B0}"
EndProject
Project("{FAE04EC0-301F-11D3-BF4B-00C04F79EFBC}") = "aoc_2024_03", "aoc_2024_03\aoc_2024_03.csproj", "{D8CF49F7-6F46-46F0-BCD8-455D64BAF682}"
EndProject
Project("{FAE04EC0-301F-11D3-BF4B-00C04F79EFBC}") = "aoc_2024_04", "aoc_2024_04\aoc_2024_04.csproj", "{4E811FED-7CF8-46C2-828F-886F17B24D2D}"
EndProject
Project("{FAE04EC0-301F-11D3-BF4B-00C04F79EFBC}") = "aoc_2024_05", "aoc_2024_05\aoc_2024_05.csproj", "{55F33D19-5CC7-402E-A54F-4FC654F2ACFF}"
EndProject
Project("{FAE04EC0-301F-11D3-BF4B-00C04F79EFBC}") = "aoc_2024_06", "aoc_2024_06\aoc_2024_06.csproj", "{59D3B3D4-9B1E-4342-A1C6-6FE24F84BED1}"
EndProject
Project("{FAE04EC0-301F-11D3-BF4B-00C04F79EFBC}") = "aoc_2024_07", "aoc_2024_07\aoc_2024_07.csproj", "{34C9866D-FE9D-4A04-BDDB-DBA184D6CA73}"
EndProject
Project("{FAE04EC0-301F-11D3-BF4B-00C04F79EFBC}") = "aoc_2024_08", "aoc_2024_08\aoc_2024_08.csproj", "{DCC9030E-CDB0-4136-BE4E-BF97262A56EA}"
EndProject
Project("{FAE04EC0-301F-11D3-BF4B-00C04F79EFBC}") = "aoc_2024_09", "aoc_2024_09\aoc_2024_09.csproj", "{5B36826C-EAB8-4452-A8C7-7CB00C57AEAA}"
EndProject
Project("{FAE04EC0-301F-11D3-BF4B-00C04F79EFBC}") = "aoc_2024_10", "aoc_2024_10\aoc_2024_10.csproj", "{E262C298-6EEF-4975-83EE-B38B64AEDA26}"
EndProject
Project("{FAE04EC0-301F-11D3-BF4B-00C04F79EFBC}") = "aoc_2024_11", "aoc_2024_11\aoc_2024_11.csproj", "{DC85165E-36AD-4E48-94F5-B68FFC1F78B1}"
EndProject
Project("{FAE04EC0-301F-11D3-BF4B-00C04F79EFBC}") = "aoc_2024_12", "aoc_2024_12\aoc_2024_12.csproj", "{7E5716DA-C7E9-415C-9B1B-A97C759CDADA}"
EndProject
Project("{FAE04EC0-301F-11D3-BF4B-00C04F79EFBC}") = "aoc_2024_16", "aoc_2024_16\aoc_2024_16.csproj", "{D0635180-0415-4409-8E65-3258D4DBD562}"
EndProject
Project("{FAE04EC0-301F-11D3-BF4B-00C04F79EFBC}") = "aoc_2024_13", "aoc_2024_13\aoc_2024_13.csproj", "{BD8D6993-1A0C-49C8-9749-DE02EA5E0872}"
EndProject
Project("{FAE04EC0-301F-11D3-BF4B-00C04F79EFBC}") = "aoc_2024_14", "aoc_2024_14\aoc_2024_14.csproj", "{DBAFD433-10B0-4BFB-966F-EF5280EE0C55}"
EndProject
Project("{FAE04EC0-301F-11D3-BF4B-00C04F79EFBC}") = "aoc_2024_15", "aoc_2024_15\aoc_2024_15.csproj", "{BFBDCC98-628F-49D7-92CF-E0DEA544C729}"
EndProject
Project("{FAE04EC0-301F-11D3-BF4B-00C04F79EFBC}") = "Helpers", "Helpers\Helpers.csproj", "{6CB4999F-C6FE-49F2-9699-FED1C81A5654}"
EndProject
Project("{FAE04EC0-301F-11D3-BF4B-00C04F79EFBC}") = "aoc_2024_18", "aoc_2024_18\aoc_2024_18.csproj", "{C3D44605-842E-447F-9CB2-DA1399F9C763}"
EndProject
Project("{FAE04EC0-301F-11D3-BF4B-00C04F79EFBC}") = "aoc_2024_19", "aoc_2024_19\aoc_2024_19.csproj", "{CACDDFB7-7588-4122-ACB8-613A34630E79}"
EndProject
Global
	GlobalSection(SolutionConfigurationPlatforms) = preSolution
		Debug|Any CPU = Debug|Any CPU
		Release|Any CPU = Release|Any CPU
	EndGlobalSection
	GlobalSection(ProjectConfigurationPlatforms) = postSolution
		{2292EDFC-1237-4F6B-911A-97A11CF94104}.Debug|Any CPU.ActiveCfg = Debug|Any CPU
		{2292EDFC-1237-4F6B-911A-97A11CF94104}.Debug|Any CPU.Build.0 = Debug|Any CPU
		{2292EDFC-1237-4F6B-911A-97A11CF94104}.Release|Any CPU.ActiveCfg = Release|Any CPU
		{2292EDFC-1237-4F6B-911A-97A11CF94104}.Release|Any CPU.Build.0 = Release|Any CPU
		{4DD0B304-76D0-4E18-8635-62BB4AF2F3B0}.Debug|Any CPU.ActiveCfg = Debug|Any CPU
		{4DD0B304-76D0-4E18-8635-62BB4AF2F3B0}.Debug|Any CPU.Build.0 = Debug|Any CPU
		{4DD0B304-76D0-4E18-8635-62BB4AF2F3B0}.Release|Any CPU.ActiveCfg = Release|Any CPU
		{4DD0B304-76D0-4E18-8635-62BB4AF2F3B0}.Release|Any CPU.Build.0 = Release|Any CPU
		{D8CF49F7-6F46-46F0-BCD8-455D64BAF682}.Debug|Any CPU.ActiveCfg = Debug|Any CPU
		{D8CF49F7-6F46-46F0-BCD8-455D64BAF682}.Debug|Any CPU.Build.0 = Debug|Any CPU
		{D8CF49F7-6F46-46F0-BCD8-455D64BAF682}.Release|Any CPU.ActiveCfg = Release|Any CPU
		{D8CF49F7-6F46-46F0-BCD8-455D64BAF682}.Release|Any CPU.Build.0 = Release|Any CPU
		{4E811FED-7CF8-46C2-828F-886F17B24D2D}.Debug|Any CPU.ActiveCfg = Debug|Any CPU
		{4E811FED-7CF8-46C2-828F-886F17B24D2D}.Debug|Any CPU.Build.0 = Debug|Any CPU
		{4E811FED-7CF8-46C2-828F-886F17B24D2D}.Release|Any CPU.ActiveCfg = Release|Any CPU
		{4E811FED-7CF8-46C2-828F-886F17B24D2D}.Release|Any CPU.Build.0 = Release|Any CPU
		{55F33D19-5CC7-402E-A54F-4FC654F2ACFF}.Debug|Any CPU.ActiveCfg = Debug|Any CPU
		{55F33D19-5CC7-402E-A54F-4FC654F2ACFF}.Debug|Any CPU.Build.0 = Debug|Any CPU
		{55F33D19-5CC7-402E-A54F-4FC654F2ACFF}.Release|Any CPU.ActiveCfg = Release|Any CPU
		{55F33D19-5CC7-402E-A54F-4FC654F2ACFF}.Release|Any CPU.Build.0 = Release|Any CPU
		{59D3B3D4-9B1E-4342-A1C6-6FE24F84BED1}.Debug|Any CPU.ActiveCfg = Debug|Any CPU
		{59D3B3D4-9B1E-4342-A1C6-6FE24F84BED1}.Debug|Any CPU.Build.0 = Debug|Any CPU
		{59D3B3D4-9B1E-4342-A1C6-6FE24F84BED1}.Release|Any CPU.ActiveCfg = Release|Any CPU
		{59D3B3D4-9B1E-4342-A1C6-6FE24F84BED1}.Release|Any CPU.Build.0 = Release|Any CPU
		{34C9866D-FE9D-4A04-BDDB-DBA184D6CA73}.Debug|Any CPU.ActiveCfg = Debug|Any CPU
		{34C9866D-FE9D-4A04-BDDB-DBA184D6CA73}.Debug|Any CPU.Build.0 = Debug|Any CPU
		{34C9866D-FE9D-4A04-BDDB-DBA184D6CA73}.Release|Any CPU.ActiveCfg = Release|Any CPU
		{34C9866D-FE9D-4A04-BDDB-DBA184D6CA73}.Release|Any CPU.Build.0 = Release|Any CPU
		{DCC9030E-CDB0-4136-BE4E-BF97262A56EA}.Debug|Any CPU.ActiveCfg = Debug|Any CPU
		{DCC9030E-CDB0-4136-BE4E-BF97262A56EA}.Debug|Any CPU.Build.0 = Debug|Any CPU
		{DCC9030E-CDB0-4136-BE4E-BF97262A56EA}.Release|Any CPU.ActiveCfg = Release|Any CPU
		{DCC9030E-CDB0-4136-BE4E-BF97262A56EA}.Release|Any CPU.Build.0 = Release|Any CPU
		{5B36826C-EAB8-4452-A8C7-7CB00C57AEAA}.Debug|Any CPU.ActiveCfg = Debug|Any CPU
		{5B36826C-EAB8-4452-A8C7-7CB00C57AEAA}.Debug|Any CPU.Build.0 = Debug|Any CPU
		{5B36826C-EAB8-4452-A8C7-7CB00C57AEAA}.Release|Any CPU.ActiveCfg = Release|Any CPU
		{5B36826C-EAB8-4452-A8C7-7CB00C57AEAA}.Release|Any CPU.Build.0 = Release|Any CPU
		{E262C298-6EEF-4975-83EE-B38B64AEDA26}.Debug|Any CPU.ActiveCfg = Debug|Any CPU
		{E262C298-6EEF-4975-83EE-B38B64AEDA26}.Debug|Any CPU.Build.0 = Debug|Any CPU
		{E262C298-6EEF-4975-83EE-B38B64AEDA26}.Release|Any CPU.ActiveCfg = Release|Any CPU
		{E262C298-6EEF-4975-83EE-B38B64AEDA26}.Release|Any CPU.Build.0 = Release|Any CPU
		{DC85165E-36AD-4E48-94F5-B68FFC1F78B1}.Debug|Any CPU.ActiveCfg = Debug|Any CPU
		{DC85165E-36AD-4E48-94F5-B68FFC1F78B1}.Debug|Any CPU.Build.0 = Debug|Any CPU
		{DC85165E-36AD-4E48-94F5-B68FFC1F78B1}.Release|Any CPU.ActiveCfg = Release|Any CPU
		{DC85165E-36AD-4E48-94F5-B68FFC1F78B1}.Release|Any CPU.Build.0 = Release|Any CPU
		{7E5716DA-C7E9-415C-9B1B-A97C759CDADA}.Debug|Any CPU.ActiveCfg = Debug|Any CPU
		{7E5716DA-C7E9-415C-9B1B-A97C759CDADA}.Debug|Any CPU.Build.0 = Debug|Any CPU
		{7E5716DA-C7E9-415C-9B1B-A97C759CDADA}.Release|Any CPU.ActiveCfg = Release|Any CPU
		{7E5716DA-C7E9-415C-9B1B-A97C759CDADA}.Release|Any CPU.Build.0 = Release|Any CPU
		{D0635180-0415-4409-8E65-3258D4DBD562}.Debug|Any CPU.ActiveCfg = Debug|Any CPU
		{D0635180-0415-4409-8E65-3258D4DBD562}.Debug|Any CPU.Build.0 = Debug|Any CPU
		{D0635180-0415-4409-8E65-3258D4DBD562}.Release|Any CPU.ActiveCfg = Release|Any CPU
		{D0635180-0415-4409-8E65-3258D4DBD562}.Release|Any CPU.Build.0 = Release|Any CPU
		{BD8D6993-1A0C-49C8-9749-DE02EA5E0872}.Debug|Any CPU.ActiveCfg = Debug|Any CPU
		{BD8D6993-1A0C-49C8-9749-DE02EA5E0872}.Debug|Any CPU.Build.0 = Debug|Any CPU
		{BD8D6993-1A0C-49C8-9749-DE02EA5E0872}.Release|Any CPU.ActiveCfg = Release|Any CPU
		{BD8D6993-1A0C-49C8-9749-DE02EA5E0872}.Release|Any CPU.Build.0 = Release|Any CPU
		{DBAFD433-10B0-4BFB-966F-EF5280EE0C55}.Debug|Any CPU.ActiveCfg = Debug|Any CPU
		{DBAFD433-10B0-4BFB-966F-EF5280EE0C55}.Debug|Any CPU.Build.0 = Debug|Any CPU
		{DBAFD433-10B0-4BFB-966F-EF5280EE0C55}.Release|Any CPU.ActiveCfg = Release|Any CPU
		{DBAFD433-10B0-4BFB-966F-EF5280EE0C55}.Release|Any CPU.Build.0 = Release|Any CPU
		{BFBDCC98-628F-49D7-92CF-E0DEA544C729}.Debug|Any CPU.ActiveCfg = Debug|Any CPU
		{BFBDCC98-628F-49D7-92CF-E0DEA544C729}.Debug|Any CPU.Build.0 = Debug|Any CPU
		{BFBDCC98-628F-49D7-92CF-E0DEA544C729}.Release|Any CPU.ActiveCfg = Release|Any CPU
		{BFBDCC98-628F-49D7-92CF-E0DEA544C729}.Release|Any CPU.Build.0 = Release|Any CPU
		{6CB4999F-C6FE-49F2-9699-FED1C81A5654}.Debug|Any CPU.ActiveCfg = Debug|Any CPU
		{6CB4999F-C6FE-49F2-9699-FED1C81A5654}.Debug|Any CPU.Build.0 = Debug|Any CPU
		{6CB4999F-C6FE-49F2-9699-FED1C81A5654}.Release|Any CPU.ActiveCfg = Release|Any CPU
		{6CB4999F-C6FE-49F2-9699-FED1C81A5654}.Release|Any CPU.Build.0 = Release|Any CPU
		{C3D44605-842E-447F-9CB2-DA1399F9C763}.Debug|Any CPU.ActiveCfg = Debug|Any CPU
		{C3D44605-842E-447F-9CB2-DA1399F9C763}.Debug|Any CPU.Build.0 = Debug|Any CPU
		{C3D44605-842E-447F-9CB2-DA1399F9C763}.Release|Any CPU.ActiveCfg = Release|Any CPU
		{C3D44605-842E-447F-9CB2-DA1399F9C763}.Release|Any CPU.Build.0 = Release|Any CPU
		{CACDDFB7-7588-4122-ACB8-613A34630E79}.Debug|Any CPU.ActiveCfg = Debug|Any CPU
		{CACDDFB7-7588-4122-ACB8-613A34630E79}.Debug|Any CPU.Build.0 = Debug|Any CPU
		{CACDDFB7-7588-4122-ACB8-613A34630E79}.Release|Any CPU.ActiveCfg = Release|Any CPU
		{CACDDFB7-7588-4122-ACB8-613A34630E79}.Release|Any CPU.Build.0 = Release|Any CPU
	EndGlobalSection
EndGlobal
