
Microsoft Visual Studio Solution File, Format Version 12.00
Project("{FAE04EC0-301F-11D3-BF4B-00C04F79EFBC}") = "aoc_2024_01", "aoc_2024_01\aoc_2024_01.csproj", "{2292EDFC-1237-4F6B-911A-97A11CF94104}"
EndProject
Project("{FAE04EC0-301F-11D3-BF4B-00C04F79EFBC}") = "aoc_2024_02", "aoc_2024_02\aoc_2024_02.csproj", "{4DD0B304-76D0-4E18-8635-62BB4AF2F3B0}"
EndProject
Project("{FAE04EC0-301F-11D3-BF4B-00C04F79EFBC}") = "aoc_2024_03", "aoc_2024_03\aoc_2024_03.csproj", "{D8CF49F7-6F46-46F0-BCD8-455D64BAF682}"
EndProject
Project("{FAE04EC0-301F-11D3-BF4B-00C04F79EFBC}") = "aoc_2024_04", "aoc_2024_04\aoc_2024_04.csproj", "{4E811FED-7CF8-46C2-828F-886F17B24D2D}"
EndProject
Global
	GlobalSection(SolutionConfigurationPlatforms) = preSolution
		Debug|Any CPU = Debug|Any CPU
		Release|Any CPU = Release|Any CPU
	EndGlobalSection
	GlobalSection(ProjectConfigurationPlatforms) = postSolution
		{2292EDFC-1237-4F6B-911A-97A11CF94104}.Debug|Any CPU.ActiveCfg = Debug|Any CPU
		{2292EDFC-1237-4F6B-911A-97A11CF94104}.Debug|Any CPU.Build.0 = Debug|Any CPU
		{2292EDFC-1237-4F6B-911A-97A11CF94104}.Release|Any CPU.ActiveCfg = Release|Any CPU
		{2292EDFC-1237-4F6B-911A-97A11CF94104}.Release|Any CPU.Build.0 = Release|Any CPU
		{4DD0B304-76D0-4E18-8635-62BB4AF2F3B0}.Debug|Any CPU.ActiveCfg = Debug|Any CPU
		{4DD0B304-76D0-4E18-8635-62BB4AF2F3B0}.Debug|Any CPU.Build.0 = Debug|Any CPU
		{4DD0B304-76D0-4E18-8635-62BB4AF2F3B0}.Release|Any CPU.ActiveCfg = Release|Any CPU
		{4DD0B304-76D0-4E18-8635-62BB4AF2F3B0}.Release|Any CPU.Build.0 = Release|Any CPU
		{D8CF49F7-6F46-46F0-BCD8-455D64BAF682}.Debug|Any CPU.ActiveCfg = Debug|Any CPU
		{D8CF49F7-6F46-46F0-BCD8-455D64BAF682}.Debug|Any CPU.Build.0 = Debug|Any CPU
		{D8CF49F7-6F46-46F0-BCD8-455D64BAF682}.Release|Any CPU.ActiveCfg = Release|Any CPU
		{D8CF49F7-6F46-46F0-BCD8-455D64BAF682}.Release|Any CPU.Build.0 = Release|Any CPU
		{4E811FED-7CF8-46C2-828F-886F17B24D2D}.Debug|Any CPU.ActiveCfg = Debug|Any CPU
		{4E811FED-7CF8-46C2-828F-886F17B24D2D}.Debug|Any CPU.Build.0 = Debug|Any CPU
		{4E811FED-7CF8-46C2-828F-886F17B24D2D}.Release|Any CPU.ActiveCfg = Release|Any CPU
		{4E811FED-7CF8-46C2-828F-886F17B24D2D}.Release|Any CPU.Build.0 = Release|Any CPU
	EndGlobalSection
EndGlobal
