
Microsoft Visual Studio Solution File, Format Version 12.00
Project("{FAE04EC0-301F-11D3-BF4B-00C04F79EFBC}") = "aoc_2015_01", "aoc_2015_01\aoc_2015_01.csproj", "{2CE4CA51-5E65-45A2-9534-43A25311107B}"
EndProject
Project("{FAE04EC0-301F-11D3-BF4B-00C04F79EFBC}") = "aoc_2015_02", "aoc_2015_02\aoc_2015_02.csproj", "{79A2C653-7B39-47C9-B7A1-5D4CB620465C}"
EndProject
Project("{FAE04EC0-301F-11D3-BF4B-00C04F79EFBC}") = "aoc_2015_03", "aoc_2015_03\aoc_2015_03.csproj", "{F902E02A-A426-478B-ABFA-1E9AB138A381}"
EndProject
Project("{FAE04EC0-301F-11D3-BF4B-00C04F79EFBC}") = "aoc_2015_04", "aoc_2015_04\aoc_2015_04.csproj", "{25AC2A66-8D11-41EC-B205-7581C6E55925}"
EndProject
Project("{FAE04EC0-301F-11D3-BF4B-00C04F79EFBC}") = "aoc_2015_05", "aoc_2015_05\aoc_2015_05.csproj", "{BE1EC813-7FC9-4208-92F4-12B2883A1EA3}"
EndProject
Project("{FAE04EC0-301F-11D3-BF4B-00C04F79EFBC}") = "aoc_2015_06", "aoc_2015_06\aoc_2015_06.csproj", "{8430CF2B-FC35-4BF0-8EC1-5553DDF8B2BD}"
EndProject
Project("{FAE04EC0-301F-11D3-BF4B-00C04F79EFBC}") = "aoc_2015_07", "aoc_2015_07\aoc_2015_07.csproj", "{7A494E9F-96D0-4A0B-9CBD-EB3095AF9513}"
EndProject
Project("{FAE04EC0-301F-11D3-BF4B-00C04F79EFBC}") = "aoc_2015_08", "aoc_2015_08\aoc_2015_08.csproj", "{F9D7B5B6-F38B-47C5-81FE-4C024D9092A2}"
EndProject
Project("{FAE04EC0-301F-11D3-BF4B-00C04F79EFBC}") = "aoc_2015_09", "aoc_2015_09\aoc_2015_09.csproj", "{551C3441-0804-4D38-8C90-0168C8CA8ED6}"
EndProject
Project("{FAE04EC0-301F-11D3-BF4B-00C04F79EFBC}") = "aoc_2015_10", "aoc_2015_10\aoc_2015_10.csproj", "{D9F998A0-3EE1-4CC3-831E-969859153A96}"
EndProject
Project("{FAE04EC0-301F-11D3-BF4B-00C04F79EFBC}") = "aoc_2015_25", "aoc_2015_25\aoc_2015_25.csproj", "{47A09F08-0F97-4118-B1B3-A9A2EA5E7D3B}"
EndProject
Project("{FAE04EC0-301F-11D3-BF4B-00C04F79EFBC}") = "aoc_2015_11", "aoc_2015_11\aoc_2015_11.csproj", "{5EE5DAB4-0D47-49DA-89A5-63F394DE52B3}"
EndProject
Project("{FAE04EC0-301F-11D3-BF4B-00C04F79EFBC}") = "aoc_2015_12", "aoc_2015_12\aoc_2015_12.csproj", "{702A4DC2-F72E-4BF5-994B-42EFB67D3208}"
EndProject
Project("{FAE04EC0-301F-11D3-BF4B-00C04F79EFBC}") = "aoc_2015_13", "aoc_2015_13\aoc_2015_13.csproj", "{607895CC-7EF9-48DB-A7E2-CF94E1226CA0}"
EndProject
Project("{FAE04EC0-301F-11D3-BF4B-00C04F79EFBC}") = "aoc.helpers", "aoc.helpers\aoc.helpers.csproj", "{880F6F2D-C1E8-4F0D-8DCA-BFE01F57861C}"
EndProject
Project("{FAE04EC0-301F-11D3-BF4B-00C04F79EFBC}") = "aoc_2015_14", "aoc_2015_14\aoc_2015_14.csproj", "{3D196D02-2555-4D89-A4C2-D24F12239063}"
EndProject
Project("{FAE04EC0-301F-11D3-BF4B-00C04F79EFBC}") = "aoc_2015_15", "aoc_2015_15\aoc_2015_15.csproj", "{506C9C73-EF96-4122-BE21-E6CE92D4913C}"
EndProject
Project("{FAE04EC0-301F-11D3-BF4B-00C04F79EFBC}") = "aoc_2015_16", "aoc_2015_16\aoc_2015_16.csproj", "{794BC97D-C1BB-44E2-B330-2EBAC7774618}"
EndProject
Project("{FAE04EC0-301F-11D3-BF4B-00C04F79EFBC}") = "aoc_2015_17", "aoc_2015_17\aoc_2015_17.csproj", "{CA9BC67F-1D7E-49EB-A2A7-3C8817F29E46}"
EndProject
Project("{FAE04EC0-301F-11D3-BF4B-00C04F79EFBC}") = "aoc_2015_18", "aoc_2015_18\aoc_2015_18.csproj", "{835D67B3-57FC-4771-A4FE-1B57D347D633}"
EndProject
Project("{FAE04EC0-301F-11D3-BF4B-00C04F79EFBC}") = "aoc_2015_19", "aoc_2015_19\aoc_2015_19.csproj", "{92DD0198-E5B8-4BE7-A23A-3739D2569A4E}"
EndProject
Project("{FAE04EC0-301F-11D3-BF4B-00C04F79EFBC}") = "aoc_2015_20", "aoc_2015_20\aoc_2015_20.csproj", "{C662113A-3C93-4F60-97D1-9550C8630927}"
EndProject
Project("{FAE04EC0-301F-11D3-BF4B-00C04F79EFBC}") = "aoc_2015_21", "aoc_2015_21\aoc_2015_21.csproj", "{FFACD210-EBDC-45AD-9C87-7E4692AE1AC7}"
EndProject
Project("{FAE04EC0-301F-11D3-BF4B-00C04F79EFBC}") = "aoc_2015_22", "aoc_2015_22\aoc_2015_22.csproj", "{0CD7D799-9593-4458-992F-E2E90344F2C7}"
EndProject
Project("{FAE04EC0-301F-11D3-BF4B-00C04F79EFBC}") = "aoc_2015_23", "aoc_2015_23\aoc_2015_23.csproj", "{922DEC69-95B9-4C9E-8EF9-5D3A2423E839}"
EndProject
Project("{FAE04EC0-301F-11D3-BF4B-00C04F79EFBC}") = "aoc_2015_24", "aoc_2015_24\aoc_2015_24.csproj", "{3E805E59-EC7F-44A3-AB54-5910278F95DC}"
EndProject
Global
	GlobalSection(SolutionConfigurationPlatforms) = preSolution
		Debug|Any CPU = Debug|Any CPU
		Release|Any CPU = Release|Any CPU
	EndGlobalSection
	GlobalSection(ProjectConfigurationPlatforms) = postSolution
		{2CE4CA51-5E65-45A2-9534-43A25311107B}.Debug|Any CPU.ActiveCfg = Debug|Any CPU
		{2CE4CA51-5E65-45A2-9534-43A25311107B}.Debug|Any CPU.Build.0 = Debug|Any CPU
		{2CE4CA51-5E65-45A2-9534-43A25311107B}.Release|Any CPU.ActiveCfg = Release|Any CPU
		{2CE4CA51-5E65-45A2-9534-43A25311107B}.Release|Any CPU.Build.0 = Release|Any CPU
		{79A2C653-7B39-47C9-B7A1-5D4CB620465C}.Debug|Any CPU.ActiveCfg = Debug|Any CPU
		{79A2C653-7B39-47C9-B7A1-5D4CB620465C}.Debug|Any CPU.Build.0 = Debug|Any CPU
		{79A2C653-7B39-47C9-B7A1-5D4CB620465C}.Release|Any CPU.ActiveCfg = Release|Any CPU
		{79A2C653-7B39-47C9-B7A1-5D4CB620465C}.Release|Any CPU.Build.0 = Release|Any CPU
		{F902E02A-A426-478B-ABFA-1E9AB138A381}.Debug|Any CPU.ActiveCfg = Debug|Any CPU
		{F902E02A-A426-478B-ABFA-1E9AB138A381}.Debug|Any CPU.Build.0 = Debug|Any CPU
		{F902E02A-A426-478B-ABFA-1E9AB138A381}.Release|Any CPU.ActiveCfg = Release|Any CPU
		{F902E02A-A426-478B-ABFA-1E9AB138A381}.Release|Any CPU.Build.0 = Release|Any CPU
		{25AC2A66-8D11-41EC-B205-7581C6E55925}.Debug|Any CPU.ActiveCfg = Debug|Any CPU
		{25AC2A66-8D11-41EC-B205-7581C6E55925}.Debug|Any CPU.Build.0 = Debug|Any CPU
		{25AC2A66-8D11-41EC-B205-7581C6E55925}.Release|Any CPU.ActiveCfg = Release|Any CPU
		{25AC2A66-8D11-41EC-B205-7581C6E55925}.Release|Any CPU.Build.0 = Release|Any CPU
		{BE1EC813-7FC9-4208-92F4-12B2883A1EA3}.Debug|Any CPU.ActiveCfg = Debug|Any CPU
		{BE1EC813-7FC9-4208-92F4-12B2883A1EA3}.Debug|Any CPU.Build.0 = Debug|Any CPU
		{BE1EC813-7FC9-4208-92F4-12B2883A1EA3}.Release|Any CPU.ActiveCfg = Release|Any CPU
		{BE1EC813-7FC9-4208-92F4-12B2883A1EA3}.Release|Any CPU.Build.0 = Release|Any CPU
		{8430CF2B-FC35-4BF0-8EC1-5553DDF8B2BD}.Debug|Any CPU.ActiveCfg = Debug|Any CPU
		{8430CF2B-FC35-4BF0-8EC1-5553DDF8B2BD}.Debug|Any CPU.Build.0 = Debug|Any CPU
		{8430CF2B-FC35-4BF0-8EC1-5553DDF8B2BD}.Release|Any CPU.ActiveCfg = Release|Any CPU
		{8430CF2B-FC35-4BF0-8EC1-5553DDF8B2BD}.Release|Any CPU.Build.0 = Release|Any CPU
		{7A494E9F-96D0-4A0B-9CBD-EB3095AF9513}.Debug|Any CPU.ActiveCfg = Debug|Any CPU
		{7A494E9F-96D0-4A0B-9CBD-EB3095AF9513}.Debug|Any CPU.Build.0 = Debug|Any CPU
		{7A494E9F-96D0-4A0B-9CBD-EB3095AF9513}.Release|Any CPU.ActiveCfg = Release|Any CPU
		{7A494E9F-96D0-4A0B-9CBD-EB3095AF9513}.Release|Any CPU.Build.0 = Release|Any CPU
		{F9D7B5B6-F38B-47C5-81FE-4C024D9092A2}.Debug|Any CPU.ActiveCfg = Debug|Any CPU
		{F9D7B5B6-F38B-47C5-81FE-4C024D9092A2}.Debug|Any CPU.Build.0 = Debug|Any CPU
		{F9D7B5B6-F38B-47C5-81FE-4C024D9092A2}.Release|Any CPU.ActiveCfg = Release|Any CPU
		{F9D7B5B6-F38B-47C5-81FE-4C024D9092A2}.Release|Any CPU.Build.0 = Release|Any CPU
		{551C3441-0804-4D38-8C90-0168C8CA8ED6}.Debug|Any CPU.ActiveCfg = Debug|Any CPU
		{551C3441-0804-4D38-8C90-0168C8CA8ED6}.Debug|Any CPU.Build.0 = Debug|Any CPU
		{551C3441-0804-4D38-8C90-0168C8CA8ED6}.Release|Any CPU.ActiveCfg = Release|Any CPU
		{551C3441-0804-4D38-8C90-0168C8CA8ED6}.Release|Any CPU.Build.0 = Release|Any CPU
		{D9F998A0-3EE1-4CC3-831E-969859153A96}.Debug|Any CPU.ActiveCfg = Debug|Any CPU
		{D9F998A0-3EE1-4CC3-831E-969859153A96}.Debug|Any CPU.Build.0 = Debug|Any CPU
		{D9F998A0-3EE1-4CC3-831E-969859153A96}.Release|Any CPU.ActiveCfg = Release|Any CPU
		{D9F998A0-3EE1-4CC3-831E-969859153A96}.Release|Any CPU.Build.0 = Release|Any CPU
		{47A09F08-0F97-4118-B1B3-A9A2EA5E7D3B}.Debug|Any CPU.ActiveCfg = Debug|Any CPU
		{47A09F08-0F97-4118-B1B3-A9A2EA5E7D3B}.Debug|Any CPU.Build.0 = Debug|Any CPU
		{47A09F08-0F97-4118-B1B3-A9A2EA5E7D3B}.Release|Any CPU.ActiveCfg = Release|Any CPU
		{47A09F08-0F97-4118-B1B3-A9A2EA5E7D3B}.Release|Any CPU.Build.0 = Release|Any CPU
		{5EE5DAB4-0D47-49DA-89A5-63F394DE52B3}.Debug|Any CPU.ActiveCfg = Debug|Any CPU
		{5EE5DAB4-0D47-49DA-89A5-63F394DE52B3}.Debug|Any CPU.Build.0 = Debug|Any CPU
		{5EE5DAB4-0D47-49DA-89A5-63F394DE52B3}.Release|Any CPU.ActiveCfg = Release|Any CPU
		{5EE5DAB4-0D47-49DA-89A5-63F394DE52B3}.Release|Any CPU.Build.0 = Release|Any CPU
		{702A4DC2-F72E-4BF5-994B-42EFB67D3208}.Debug|Any CPU.ActiveCfg = Debug|Any CPU
		{702A4DC2-F72E-4BF5-994B-42EFB67D3208}.Debug|Any CPU.Build.0 = Debug|Any CPU
		{702A4DC2-F72E-4BF5-994B-42EFB67D3208}.Release|Any CPU.ActiveCfg = Release|Any CPU
		{702A4DC2-F72E-4BF5-994B-42EFB67D3208}.Release|Any CPU.Build.0 = Release|Any CPU
		{607895CC-7EF9-48DB-A7E2-CF94E1226CA0}.Debug|Any CPU.ActiveCfg = Debug|Any CPU
		{607895CC-7EF9-48DB-A7E2-CF94E1226CA0}.Debug|Any CPU.Build.0 = Debug|Any CPU
		{607895CC-7EF9-48DB-A7E2-CF94E1226CA0}.Release|Any CPU.ActiveCfg = Release|Any CPU
		{607895CC-7EF9-48DB-A7E2-CF94E1226CA0}.Release|Any CPU.Build.0 = Release|Any CPU
		{880F6F2D-C1E8-4F0D-8DCA-BFE01F57861C}.Debug|Any CPU.ActiveCfg = Debug|Any CPU
		{880F6F2D-C1E8-4F0D-8DCA-BFE01F57861C}.Debug|Any CPU.Build.0 = Debug|Any CPU
		{880F6F2D-C1E8-4F0D-8DCA-BFE01F57861C}.Release|Any CPU.ActiveCfg = Release|Any CPU
		{880F6F2D-C1E8-4F0D-8DCA-BFE01F57861C}.Release|Any CPU.Build.0 = Release|Any CPU
		{3D196D02-2555-4D89-A4C2-D24F12239063}.Debug|Any CPU.ActiveCfg = Debug|Any CPU
		{3D196D02-2555-4D89-A4C2-D24F12239063}.Debug|Any CPU.Build.0 = Debug|Any CPU
		{3D196D02-2555-4D89-A4C2-D24F12239063}.Release|Any CPU.ActiveCfg = Release|Any CPU
		{3D196D02-2555-4D89-A4C2-D24F12239063}.Release|Any CPU.Build.0 = Release|Any CPU
		{506C9C73-EF96-4122-BE21-E6CE92D4913C}.Debug|Any CPU.ActiveCfg = Debug|Any CPU
		{506C9C73-EF96-4122-BE21-E6CE92D4913C}.Debug|Any CPU.Build.0 = Debug|Any CPU
		{506C9C73-EF96-4122-BE21-E6CE92D4913C}.Release|Any CPU.ActiveCfg = Release|Any CPU
		{506C9C73-EF96-4122-BE21-E6CE92D4913C}.Release|Any CPU.Build.0 = Release|Any CPU
		{794BC97D-C1BB-44E2-B330-2EBAC7774618}.Debug|Any CPU.ActiveCfg = Debug|Any CPU
		{794BC97D-C1BB-44E2-B330-2EBAC7774618}.Debug|Any CPU.Build.0 = Debug|Any CPU
		{794BC97D-C1BB-44E2-B330-2EBAC7774618}.Release|Any CPU.ActiveCfg = Release|Any CPU
		{794BC97D-C1BB-44E2-B330-2EBAC7774618}.Release|Any CPU.Build.0 = Release|Any CPU
		{CA9BC67F-1D7E-49EB-A2A7-3C8817F29E46}.Debug|Any CPU.ActiveCfg = Debug|Any CPU
		{CA9BC67F-1D7E-49EB-A2A7-3C8817F29E46}.Debug|Any CPU.Build.0 = Debug|Any CPU
		{CA9BC67F-1D7E-49EB-A2A7-3C8817F29E46}.Release|Any CPU.ActiveCfg = Release|Any CPU
		{CA9BC67F-1D7E-49EB-A2A7-3C8817F29E46}.Release|Any CPU.Build.0 = Release|Any CPU
		{835D67B3-57FC-4771-A4FE-1B57D347D633}.Debug|Any CPU.ActiveCfg = Debug|Any CPU
		{835D67B3-57FC-4771-A4FE-1B57D347D633}.Debug|Any CPU.Build.0 = Debug|Any CPU
		{835D67B3-57FC-4771-A4FE-1B57D347D633}.Release|Any CPU.ActiveCfg = Release|Any CPU
		{835D67B3-57FC-4771-A4FE-1B57D347D633}.Release|Any CPU.Build.0 = Release|Any CPU
		{92DD0198-E5B8-4BE7-A23A-3739D2569A4E}.Debug|Any CPU.ActiveCfg = Debug|Any CPU
		{92DD0198-E5B8-4BE7-A23A-3739D2569A4E}.Debug|Any CPU.Build.0 = Debug|Any CPU
		{92DD0198-E5B8-4BE7-A23A-3739D2569A4E}.Release|Any CPU.ActiveCfg = Release|Any CPU
		{92DD0198-E5B8-4BE7-A23A-3739D2569A4E}.Release|Any CPU.Build.0 = Release|Any CPU
		{C662113A-3C93-4F60-97D1-9550C8630927}.Debug|Any CPU.ActiveCfg = Debug|Any CPU
		{C662113A-3C93-4F60-97D1-9550C8630927}.Debug|Any CPU.Build.0 = Debug|Any CPU
		{C662113A-3C93-4F60-97D1-9550C8630927}.Release|Any CPU.ActiveCfg = Release|Any CPU
		{C662113A-3C93-4F60-97D1-9550C8630927}.Release|Any CPU.Build.0 = Release|Any CPU
		{FFACD210-EBDC-45AD-9C87-7E4692AE1AC7}.Debug|Any CPU.ActiveCfg = Debug|Any CPU
		{FFACD210-EBDC-45AD-9C87-7E4692AE1AC7}.Debug|Any CPU.Build.0 = Debug|Any CPU
		{FFACD210-EBDC-45AD-9C87-7E4692AE1AC7}.Release|Any CPU.ActiveCfg = Release|Any CPU
		{FFACD210-EBDC-45AD-9C87-7E4692AE1AC7}.Release|Any CPU.Build.0 = Release|Any CPU
		{0CD7D799-9593-4458-992F-E2E90344F2C7}.Debug|Any CPU.ActiveCfg = Debug|Any CPU
		{0CD7D799-9593-4458-992F-E2E90344F2C7}.Debug|Any CPU.Build.0 = Debug|Any CPU
		{0CD7D799-9593-4458-992F-E2E90344F2C7}.Release|Any CPU.ActiveCfg = Release|Any CPU
		{0CD7D799-9593-4458-992F-E2E90344F2C7}.Release|Any CPU.Build.0 = Release|Any CPU
		{922DEC69-95B9-4C9E-8EF9-5D3A2423E839}.Debug|Any CPU.ActiveCfg = Debug|Any CPU
		{922DEC69-95B9-4C9E-8EF9-5D3A2423E839}.Debug|Any CPU.Build.0 = Debug|Any CPU
		{922DEC69-95B9-4C9E-8EF9-5D3A2423E839}.Release|Any CPU.ActiveCfg = Release|Any CPU
		{922DEC69-95B9-4C9E-8EF9-5D3A2423E839}.Release|Any CPU.Build.0 = Release|Any CPU
		{3E805E59-EC7F-44A3-AB54-5910278F95DC}.Debug|Any CPU.ActiveCfg = Debug|Any CPU
		{3E805E59-EC7F-44A3-AB54-5910278F95DC}.Debug|Any CPU.Build.0 = Debug|Any CPU
		{3E805E59-EC7F-44A3-AB54-5910278F95DC}.Release|Any CPU.ActiveCfg = Release|Any CPU
		{3E805E59-EC7F-44A3-AB54-5910278F95DC}.Release|Any CPU.Build.0 = Release|Any CPU
	EndGlobalSection
EndGlobal
